// !$*UTF8*$!
{
	archiveVersion = 1;
	classes = {
	};
	objectVersion = 56;
	objects = {

/* Begin PBXBuildFile section */
		545E23002D663CE300ACA246 /* FlyoverMapView.swift in Sources */ = {isa = PBXBuildFile; fileRef = 545E22FF2D663CE300ACA246 /* FlyoverMapView.swift */; };
		54BDC41C2D590BDE002D13B3 /* AirPorterApp.swift in Sources */ = {isa = PBXBuildFile; fileRef = 54BDC41B2D590BDE002D13B3 /* AirPorterApp.swift */; };
		54BDC4202D590BE1002D13B3 /* Assets.xcassets in Resources */ = {isa = PBXBuildFile; fileRef = 54BDC41F2D590BE1002D13B3 /* Assets.xcassets */; };
		54BDC4232D590BE1002D13B3 /* Preview Assets.xcassets in Resources */ = {isa = PBXBuildFile; fileRef = 54BDC4222D590BE1002D13B3 /* Preview Assets.xcassets */; };
		54BDC42A2D590DA8002D13B3 /* WalkingRouteView.swift in Sources */ = {isa = PBXBuildFile; fileRef = 54BDC4292D590DA8002D13B3 /* WalkingRouteView.swift */; };
		54BDC42C2D590DD8002D13B3 /* WalkingRouteViewModel.swift in Sources */ = {isa = PBXBuildFile; fileRef = 54BDC42B2D590DD8002D13B3 /* WalkingRouteViewModel.swift */; };
		54BDC42E2D591193002D13B3 /* MapPolylineOverlay.swift in Sources */ = {isa = PBXBuildFile; fileRef = 54BDC42D2D591193002D13B3 /* MapPolylineOverlay.swift */; };
		54BDC4302D5911D5002D13B3 /* WakingRouteResponse.swift in Sources */ = {isa = PBXBuildFile; fileRef = 54BDC42F2D5911D5002D13B3 /* WakingRouteResponse.swift */; };
		54BDC4322D5911E7002D13B3 /* RoutePoint.swift in Sources */ = {isa = PBXBuildFile; fileRef = 54BDC4312D5911E7002D13B3 /* RoutePoint.swift */; };
		54BDC4342D59137F002D13B3 /* SatelliteMapView.swift in Sources */ = {isa = PBXBuildFile; fileRef = 54BDC4332D59137F002D13B3 /* SatelliteMapView.swift */; };
		54BDC4362D5DACE8002D13B3 /* AmenityType.swift in Sources */ = {isa = PBXBuildFile; fileRef = 54BDC4352D5DACE8002D13B3 /* AmenityType.swift */; };
		54BDC4382D5DB60E002D13B3 /* AirportAmenitiesView.swift in Sources */ = {isa = PBXBuildFile; fileRef = 54BDC4372D5DB60E002D13B3 /* AirportAmenitiesView.swift */; };
		54BDC43A2D5DB628002D13B3 /* AirportDetailView.swift in Sources */ = {isa = PBXBuildFile; fileRef = 54BDC4392D5DB628002D13B3 /* AirportDetailView.swift */; };
		54BDDD842D8A7D0E0036C958 /* HomeView.swift in Sources */ = {isa = PBXBuildFile; fileRef = 54BDDD832D8A7D0B0036C958 /* HomeView.swift */; };
		54BDDD872D8B84840036C958 /* AirportService.swift in Sources */ = {isa = PBXBuildFile; fileRef = 54BDDD862D8B84810036C958 /* AirportService.swift */; };
		54BDDD8A2D8B84B80036C958 /* Airport.swift in Sources */ = {isa = PBXBuildFile; fileRef = 54BDDD892D8B84B50036C958 /* Airport.swift */; };
		54BDDD8D2D8B84FD0036C958 /* AirportViewModel.swift in Sources */ = {isa = PBXBuildFile; fileRef = 54BDDD8C2D8B84F20036C958 /* AirportViewModel.swift */; };
		54BDDD8F2D8BCE0B0036C958 /* GateService.swift in Sources */ = {isa = PBXBuildFile; fileRef = 54BDDD8E2D8BCE070036C958 /* GateService.swift */; };
		54BDDD912D8D1CA80036C958 /* GateResponse.swift in Sources */ = {isa = PBXBuildFile; fileRef = 54BDDD902D8D1CA50036C958 /* GateResponse.swift */; };
		54BDDD932D8D1CAE0036C958 /* Gate.swift in Sources */ = {isa = PBXBuildFile; fileRef = 54BDDD922D8D1CAD0036C958 /* Gate.swift */; };
		54BDDD952D8D1CCD0036C958 /* AirportGatesViewModel.swift in Sources */ = {isa = PBXBuildFile; fileRef = 54BDDD942D8D1CC70036C958 /* AirportGatesViewModel.swift */; };
		54BDDD9B2D8F16EF0036C958 /* AirportDetailsSkinnyView.swift in Sources */ = {isa = PBXBuildFile; fileRef = 54BDDD9A2D8F16E50036C958 /* AirportDetailsSkinnyView.swift */; };
		54BDDD9D2D8F5ABC0036C958 /* NearbyService.swift in Sources */ = {isa = PBXBuildFile; fileRef = 54BDDD9C2D8F5AB80036C958 /* NearbyService.swift */; };
		54BDDD9F2D8F5AE20036C958 /* HotelsResponse.swift in Sources */ = {isa = PBXBuildFile; fileRef = 54BDDD9E2D8F5ADF0036C958 /* HotelsResponse.swift */; };
		54BDDDA12D8F5AF20036C958 /* Hotel.swift in Sources */ = {isa = PBXBuildFile; fileRef = 54BDDDA02D8F5AF00036C958 /* Hotel.swift */; };
		54BDDDA32D8F5BBD0036C958 /* NearbyHotelsView.swift in Sources */ = {isa = PBXBuildFile; fileRef = 54BDDDA22D8F5BBA0036C958 /* NearbyHotelsView.swift */; };
		54BDDDA52D8F5C600036C958 /* NearbyHotelsViewModel.swift in Sources */ = {isa = PBXBuildFile; fileRef = 54BDDDA42D8F5C5B0036C958 /* NearbyHotelsViewModel.swift */; };
		54BDDDA72D8FBA650036C958 /* NearbyHotelMapView.swift in Sources */ = {isa = PBXBuildFile; fileRef = 54BDDDA62D8FBA610036C958 /* NearbyHotelMapView.swift */; };
		54BDDDA92D9065660036C958 /* LinkView.swift in Sources */ = {isa = PBXBuildFile; fileRef = 54BDDDA82D9065650036C958 /* LinkView.swift */; };
		54BDDDAB2D90657D0036C958 /* LinkMetadataView.swift in Sources */ = {isa = PBXBuildFile; fileRef = 54BDDDAA2D9065790036C958 /* LinkMetadataView.swift */; };
		54BDDDAD2D9065B30036C958 /* LinkMetadataViewModel.swift in Sources */ = {isa = PBXBuildFile; fileRef = 54BDDDAC2D9065AE0036C958 /* LinkMetadataViewModel.swift */; };
		54BDDDAF2D9065DB0036C958 /* CallButton.swift in Sources */ = {isa = PBXBuildFile; fileRef = 54BDDDAE2D9065DA0036C958 /* CallButton.swift */; };
		54BDDDB12D9065F90036C958 /* HotelDetailsSheetView.swift in Sources */ = {isa = PBXBuildFile; fileRef = 54BDDDB02D9065F50036C958 /* HotelDetailsSheetView.swift */; };
		54BDDDB32D906BD00036C958 /* DirectionsViewModel.swift in Sources */ = {isa = PBXBuildFile; fileRef = 54BDDDB22D906BCB0036C958 /* DirectionsViewModel.swift */; };
		54BDDDB52D924C080036C958 /* HotelDetailsSheetViewModel.swift in Sources */ = {isa = PBXBuildFile; fileRef = 54BDDDB42D924C040036C958 /* HotelDetailsSheetViewModel.swift */; };
		54BDDDB72D93968C0036C958 /* CurrentTripView.swift in Sources */ = {isa = PBXBuildFile; fileRef = 54BDDDB62D9396890036C958 /* CurrentTripView.swift */; };
/* End PBXBuildFile section */

/* Begin PBXFileReference section */
		545E22FF2D663CE300ACA246 /* FlyoverMapView.swift */ = {isa = PBXFileReference; lastKnownFileType = sourcecode.swift; path = FlyoverMapView.swift; sourceTree = "<group>"; };
		54BDC4182D590BDE002D13B3 /* AirPorter.app */ = {isa = PBXFileReference; explicitFileType = wrapper.application; includeInIndex = 0; path = AirPorter.app; sourceTree = BUILT_PRODUCTS_DIR; };
		54BDC41B2D590BDE002D13B3 /* AirPorterApp.swift */ = {isa = PBXFileReference; lastKnownFileType = sourcecode.swift; path = AirPorterApp.swift; sourceTree = "<group>"; };
		54BDC41F2D590BE1002D13B3 /* Assets.xcassets */ = {isa = PBXFileReference; lastKnownFileType = folder.assetcatalog; path = Assets.xcassets; sourceTree = "<group>"; };
		54BDC4222D590BE1002D13B3 /* Preview Assets.xcassets */ = {isa = PBXFileReference; lastKnownFileType = folder.assetcatalog; path = "Preview Assets.xcassets"; sourceTree = "<group>"; };
		54BDC4292D590DA8002D13B3 /* WalkingRouteView.swift */ = {isa = PBXFileReference; lastKnownFileType = sourcecode.swift; path = WalkingRouteView.swift; sourceTree = "<group>"; };
		54BDC42B2D590DD8002D13B3 /* WalkingRouteViewModel.swift */ = {isa = PBXFileReference; lastKnownFileType = sourcecode.swift; path = WalkingRouteViewModel.swift; sourceTree = "<group>"; };
		54BDC42D2D591193002D13B3 /* MapPolylineOverlay.swift */ = {isa = PBXFileReference; lastKnownFileType = sourcecode.swift; path = MapPolylineOverlay.swift; sourceTree = "<group>"; };
		54BDC42F2D5911D5002D13B3 /* WakingRouteResponse.swift */ = {isa = PBXFileReference; lastKnownFileType = sourcecode.swift; path = WakingRouteResponse.swift; sourceTree = "<group>"; };
		54BDC4312D5911E7002D13B3 /* RoutePoint.swift */ = {isa = PBXFileReference; lastKnownFileType = sourcecode.swift; path = RoutePoint.swift; sourceTree = "<group>"; };
		54BDC4332D59137F002D13B3 /* SatelliteMapView.swift */ = {isa = PBXFileReference; lastKnownFileType = sourcecode.swift; path = SatelliteMapView.swift; sourceTree = "<group>"; };
		54BDC4352D5DACE8002D13B3 /* AmenityType.swift */ = {isa = PBXFileReference; lastKnownFileType = sourcecode.swift; path = AmenityType.swift; sourceTree = "<group>"; };
		54BDC4372D5DB60E002D13B3 /* AirportAmenitiesView.swift */ = {isa = PBXFileReference; lastKnownFileType = sourcecode.swift; path = AirportAmenitiesView.swift; sourceTree = "<group>"; };
		54BDC4392D5DB628002D13B3 /* AirportDetailView.swift */ = {isa = PBXFileReference; lastKnownFileType = sourcecode.swift; path = AirportDetailView.swift; sourceTree = "<group>"; };
		54BDDD832D8A7D0B0036C958 /* HomeView.swift */ = {isa = PBXFileReference; lastKnownFileType = sourcecode.swift; path = HomeView.swift; sourceTree = "<group>"; };
		54BDDD862D8B84810036C958 /* AirportService.swift */ = {isa = PBXFileReference; lastKnownFileType = sourcecode.swift; path = AirportService.swift; sourceTree = "<group>"; };
		54BDDD892D8B84B50036C958 /* Airport.swift */ = {isa = PBXFileReference; lastKnownFileType = sourcecode.swift; path = Airport.swift; sourceTree = "<group>"; };
		54BDDD8C2D8B84F20036C958 /* AirportViewModel.swift */ = {isa = PBXFileReference; lastKnownFileType = sourcecode.swift; path = AirportViewModel.swift; sourceTree = "<group>"; };
		54BDDD8E2D8BCE070036C958 /* GateService.swift */ = {isa = PBXFileReference; lastKnownFileType = sourcecode.swift; path = GateService.swift; sourceTree = "<group>"; };
		54BDDD902D8D1CA50036C958 /* GateResponse.swift */ = {isa = PBXFileReference; lastKnownFileType = sourcecode.swift; path = GateResponse.swift; sourceTree = "<group>"; };
		54BDDD922D8D1CAD0036C958 /* Gate.swift */ = {isa = PBXFileReference; lastKnownFileType = sourcecode.swift; path = Gate.swift; sourceTree = "<group>"; };
		54BDDD942D8D1CC70036C958 /* AirportGatesViewModel.swift */ = {isa = PBXFileReference; lastKnownFileType = sourcecode.swift; path = AirportGatesViewModel.swift; sourceTree = "<group>"; };
		54BDDD9A2D8F16E50036C958 /* AirportDetailsSkinnyView.swift */ = {isa = PBXFileReference; lastKnownFileType = sourcecode.swift; path = AirportDetailsSkinnyView.swift; sourceTree = "<group>"; };
		54BDDD9C2D8F5AB80036C958 /* NearbyService.swift */ = {isa = PBXFileReference; lastKnownFileType = sourcecode.swift; path = NearbyService.swift; sourceTree = "<group>"; };
		54BDDD9E2D8F5ADF0036C958 /* HotelsResponse.swift */ = {isa = PBXFileReference; lastKnownFileType = sourcecode.swift; path = HotelsResponse.swift; sourceTree = "<group>"; };
		54BDDDA02D8F5AF00036C958 /* Hotel.swift */ = {isa = PBXFileReference; lastKnownFileType = sourcecode.swift; path = Hotel.swift; sourceTree = "<group>"; };
		54BDDDA22D8F5BBA0036C958 /* NearbyHotelsView.swift */ = {isa = PBXFileReference; lastKnownFileType = sourcecode.swift; path = NearbyHotelsView.swift; sourceTree = "<group>"; };
		54BDDDA42D8F5C5B0036C958 /* NearbyHotelsViewModel.swift */ = {isa = PBXFileReference; lastKnownFileType = sourcecode.swift; path = NearbyHotelsViewModel.swift; sourceTree = "<group>"; };
		54BDDDA62D8FBA610036C958 /* NearbyHotelMapView.swift */ = {isa = PBXFileReference; lastKnownFileType = sourcecode.swift; path = NearbyHotelMapView.swift; sourceTree = "<group>"; };
		54BDDDA82D9065650036C958 /* LinkView.swift */ = {isa = PBXFileReference; lastKnownFileType = sourcecode.swift; path = LinkView.swift; sourceTree = "<group>"; };
		54BDDDAA2D9065790036C958 /* LinkMetadataView.swift */ = {isa = PBXFileReference; lastKnownFileType = sourcecode.swift; path = LinkMetadataView.swift; sourceTree = "<group>"; };
		54BDDDAC2D9065AE0036C958 /* LinkMetadataViewModel.swift */ = {isa = PBXFileReference; lastKnownFileType = sourcecode.swift; path = LinkMetadataViewModel.swift; sourceTree = "<group>"; };
		54BDDDAE2D9065DA0036C958 /* CallButton.swift */ = {isa = PBXFileReference; lastKnownFileType = sourcecode.swift; path = CallButton.swift; sourceTree = "<group>"; };
		54BDDDB02D9065F50036C958 /* HotelDetailsSheetView.swift */ = {isa = PBXFileReference; lastKnownFileType = sourcecode.swift; path = HotelDetailsSheetView.swift; sourceTree = "<group>"; };
		54BDDDB22D906BCB0036C958 /* DirectionsViewModel.swift */ = {isa = PBXFileReference; lastKnownFileType = sourcecode.swift; path = DirectionsViewModel.swift; sourceTree = "<group>"; };
		54BDDDB42D924C040036C958 /* HotelDetailsSheetViewModel.swift */ = {isa = PBXFileReference; lastKnownFileType = sourcecode.swift; path = HotelDetailsSheetViewModel.swift; sourceTree = "<group>"; };
		54BDDDB62D9396890036C958 /* CurrentTripView.swift */ = {isa = PBXFileReference; lastKnownFileType = sourcecode.swift; path = CurrentTripView.swift; sourceTree = "<group>"; };
		54BDDDB82D9396BD0036C958 /* Info.plist */ = {isa = PBXFileReference; lastKnownFileType = text.plist; path = Info.plist; sourceTree = "<group>"; };
/* End PBXFileReference section */

/* Begin PBXFrameworksBuildPhase section */
		54BDC4152D590BDE002D13B3 /* Frameworks */ = {
			isa = PBXFrameworksBuildPhase;
			buildActionMask = 2147483647;
			files = (
			);
			runOnlyForDeploymentPostprocessing = 0;
		};
/* End PBXFrameworksBuildPhase section */

/* Begin PBXGroup section */
		54BDC40F2D590BDE002D13B3 = {
			isa = PBXGroup;
			children = (
				54BDC41A2D590BDE002D13B3 /* AirPorter */,
				54BDC4192D590BDE002D13B3 /* Products */,
			);
			sourceTree = "<group>";
		};
		54BDC4192D590BDE002D13B3 /* Products */ = {
			isa = PBXGroup;
			children = (
				54BDC4182D590BDE002D13B3 /* AirPorter.app */,
			);
			name = Products;
			sourceTree = "<group>";
		};
		54BDC41A2D590BDE002D13B3 /* AirPorter */ = {
			isa = PBXGroup;
			children = (
				54BDDDB82D9396BD0036C958 /* Info.plist */,
				54BDDDB62D9396890036C958 /* CurrentTripView.swift */,
				54BDDDB42D924C040036C958 /* HotelDetailsSheetViewModel.swift */,
				54BDDDB22D906BCB0036C958 /* DirectionsViewModel.swift */,
				54BDDDB02D9065F50036C958 /* HotelDetailsSheetView.swift */,
				54BDDDAE2D9065DA0036C958 /* CallButton.swift */,
				54BDDDAC2D9065AE0036C958 /* LinkMetadataViewModel.swift */,
				54BDDDAA2D9065790036C958 /* LinkMetadataView.swift */,
				54BDDDA82D9065650036C958 /* LinkView.swift */,
				54BDDDA62D8FBA610036C958 /* NearbyHotelMapView.swift */,
				54BDDDA22D8F5BBA0036C958 /* NearbyHotelsView.swift */,
				54BDDD9A2D8F16E50036C958 /* AirportDetailsSkinnyView.swift */,
				54BDDD8B2D8B84EC0036C958 /* ViewModels */,
				54BDDD882D8B84AB0036C958 /* Models */,
				54BDDD852D8B84710036C958 /* Service */,
				54BDDD832D8A7D0B0036C958 /* HomeView.swift */,
				54BDC41B2D590BDE002D13B3 /* AirPorterApp.swift */,
				54BDC42D2D591193002D13B3 /* MapPolylineOverlay.swift */,
				54BDC41F2D590BE1002D13B3 /* Assets.xcassets */,
				54BDC4212D590BE1002D13B3 /* Preview Content */,
				54BDC4292D590DA8002D13B3 /* WalkingRouteView.swift */,
				54BDC42B2D590DD8002D13B3 /* WalkingRouteViewModel.swift */,
				54BDC42F2D5911D5002D13B3 /* WakingRouteResponse.swift */,
				54BDC4312D5911E7002D13B3 /* RoutePoint.swift */,
				54BDC4332D59137F002D13B3 /* SatelliteMapView.swift */,
				54BDC4352D5DACE8002D13B3 /* AmenityType.swift */,
				54BDC4372D5DB60E002D13B3 /* AirportAmenitiesView.swift */,
				54BDC4392D5DB628002D13B3 /* AirportDetailView.swift */,
				545E22FF2D663CE300ACA246 /* FlyoverMapView.swift */,
			);
			path = AirPorter;
			sourceTree = "<group>";
		};
		54BDC4212D590BE1002D13B3 /* Preview Content */ = {
			isa = PBXGroup;
			children = (
				54BDC4222D590BE1002D13B3 /* Preview Assets.xcassets */,
			);
			path = "Preview Content";
			sourceTree = "<group>";
		};
		54BDDD852D8B84710036C958 /* Service */ = {
			isa = PBXGroup;
			children = (
				54BDDD9C2D8F5AB80036C958 /* NearbyService.swift */,
				54BDDD8E2D8BCE070036C958 /* GateService.swift */,
				54BDDD862D8B84810036C958 /* AirportService.swift */,
			);
			path = Service;
			sourceTree = "<group>";
		};
		54BDDD882D8B84AB0036C958 /* Models */ = {
			isa = PBXGroup;
			children = (
				54BDDDA02D8F5AF00036C958 /* Hotel.swift */,
				54BDDD9E2D8F5ADF0036C958 /* HotelsResponse.swift */,
				54BDDD922D8D1CAD0036C958 /* Gate.swift */,
				54BDDD902D8D1CA50036C958 /* GateResponse.swift */,
				54BDDD892D8B84B50036C958 /* Airport.swift */,
			);
			path = Models;
			sourceTree = "<group>";
		};
		54BDDD8B2D8B84EC0036C958 /* ViewModels */ = {
			isa = PBXGroup;
			children = (
				54BDDDA42D8F5C5B0036C958 /* NearbyHotelsViewModel.swift */,
				54BDDD942D8D1CC70036C958 /* AirportGatesViewModel.swift */,
				54BDDD8C2D8B84F20036C958 /* AirportViewModel.swift */,
			);
			path = ViewModels;
			sourceTree = "<group>";
		};
/* End PBXGroup section */

/* Begin PBXNativeTarget section */
		54BDC4172D590BDE002D13B3 /* AirPorter */ = {
			isa = PBXNativeTarget;
			buildConfigurationList = 54BDC4262D590BE1002D13B3 /* Build configuration list for PBXNativeTarget "AirPorter" */;
			buildPhases = (
				54BDC4142D590BDE002D13B3 /* Sources */,
				54BDC4152D590BDE002D13B3 /* Frameworks */,
				54BDC4162D590BDE002D13B3 /* Resources */,
			);
			buildRules = (
			);
			dependencies = (
			);
			name = AirPorter;
			productName = AirPorter;
			productReference = 54BDC4182D590BDE002D13B3 /* AirPorter.app */;
			productType = "com.apple.product-type.application";
		};
/* End PBXNativeTarget section */

/* Begin PBXProject section */
		54BDC4102D590BDE002D13B3 /* Project object */ = {
			isa = PBXProject;
			attributes = {
				BuildIndependentTargetsInParallel = 1;
				LastSwiftUpdateCheck = 1540;
				LastUpgradeCheck = 1540;
				TargetAttributes = {
					54BDC4172D590BDE002D13B3 = {
						CreatedOnToolsVersion = 15.4;
					};
				};
			};
			buildConfigurationList = 54BDC4132D590BDE002D13B3 /* Build configuration list for PBXProject "AirPorter" */;
			compatibilityVersion = "Xcode 14.0";
			developmentRegion = en;
			hasScannedForEncodings = 0;
			knownRegions = (
				en,
				Base,
			);
			mainGroup = 54BDC40F2D590BDE002D13B3;
			productRefGroup = 54BDC4192D590BDE002D13B3 /* Products */;
			projectDirPath = "";
			projectRoot = "";
			targets = (
				54BDC4172D590BDE002D13B3 /* AirPorter */,
			);
		};
/* End PBXProject section */

/* Begin PBXResourcesBuildPhase section */
		54BDC4162D590BDE002D13B3 /* Resources */ = {
			isa = PBXResourcesBuildPhase;
			buildActionMask = 2147483647;
			files = (
				54BDC4232D590BE1002D13B3 /* Preview Assets.xcassets in Resources */,
				54BDC4202D590BE1002D13B3 /* Assets.xcassets in Resources */,
			);
			runOnlyForDeploymentPostprocessing = 0;
		};
/* End PBXResourcesBuildPhase section */

/* Begin PBXSourcesBuildPhase section */
		54BDC4142D590BDE002D13B3 /* Sources */ = {
			isa = PBXSourcesBuildPhase;
			buildActionMask = 2147483647;
			files = (
				54BDC4342D59137F002D13B3 /* SatelliteMapView.swift in Sources */,
				54BDDD9F2D8F5AE20036C958 /* HotelsResponse.swift in Sources */,
				54BDDD842D8A7D0E0036C958 /* HomeView.swift in Sources */,
				54BDC42A2D590DA8002D13B3 /* WalkingRouteView.swift in Sources */,
				54BDDDA32D8F5BBD0036C958 /* NearbyHotelsView.swift in Sources */,
				54BDDDAD2D9065B30036C958 /* LinkMetadataViewModel.swift in Sources */,
				54BDDDA52D8F5C600036C958 /* NearbyHotelsViewModel.swift in Sources */,
				54BDDDA72D8FBA650036C958 /* NearbyHotelMapView.swift in Sources */,
				54BDDD9B2D8F16EF0036C958 /* AirportDetailsSkinnyView.swift in Sources */,
				54BDDDAF2D9065DB0036C958 /* CallButton.swift in Sources */,
				54BDDD8A2D8B84B80036C958 /* Airport.swift in Sources */,
				545E23002D663CE300ACA246 /* FlyoverMapView.swift in Sources */,
				54BDDDB12D9065F90036C958 /* HotelDetailsSheetView.swift in Sources */,
				54BDC42C2D590DD8002D13B3 /* WalkingRouteViewModel.swift in Sources */,
				54BDC43A2D5DB628002D13B3 /* AirportDetailView.swift in Sources */,
				54BDC4382D5DB60E002D13B3 /* AirportAmenitiesView.swift in Sources */,
				54BDDDB52D924C080036C958 /* HotelDetailsSheetViewModel.swift in Sources */,
				54BDDD8D2D8B84FD0036C958 /* AirportViewModel.swift in Sources */,
				54BDC42E2D591193002D13B3 /* MapPolylineOverlay.swift in Sources */,
				54BDDDAB2D90657D0036C958 /* LinkMetadataView.swift in Sources */,
				54BDDD932D8D1CAE0036C958 /* Gate.swift in Sources */,
				54BDDDB32D906BD00036C958 /* DirectionsViewModel.swift in Sources */,
				54BDDDA92D9065660036C958 /* LinkView.swift in Sources */,
				54BDDDB72D93968C0036C958 /* CurrentTripView.swift in Sources */,
				54BDC41C2D590BDE002D13B3 /* AirPorterApp.swift in Sources */,
				54BDDDA12D8F5AF20036C958 /* Hotel.swift in Sources */,
				54BDC4362D5DACE8002D13B3 /* AmenityType.swift in Sources */,
				54BDDD9D2D8F5ABC0036C958 /* NearbyService.swift in Sources */,
				54BDC4302D5911D5002D13B3 /* WakingRouteResponse.swift in Sources */,
				54BDC4322D5911E7002D13B3 /* RoutePoint.swift in Sources */,
				54BDDD912D8D1CA80036C958 /* GateResponse.swift in Sources */,
				54BDDD952D8D1CCD0036C958 /* AirportGatesViewModel.swift in Sources */,
				54BDDD8F2D8BCE0B0036C958 /* GateService.swift in Sources */,
				54BDDD872D8B84840036C958 /* AirportService.swift in Sources */,
			);
			runOnlyForDeploymentPostprocessing = 0;
		};
/* End PBXSourcesBuildPhase section */

/* Begin XCBuildConfiguration section */
		54BDC4242D590BE1002D13B3 /* Debug */ = {
			isa = XCBuildConfiguration;
			buildSettings = {
				ALWAYS_SEARCH_USER_PATHS = NO;
				ASSETCATALOG_COMPILER_GENERATE_SWIFT_ASSET_SYMBOL_EXTENSIONS = YES;
				CLANG_ANALYZER_NONNULL = YES;
				CLANG_ANALYZER_NUMBER_OBJECT_CONVERSION = YES_AGGRESSIVE;
				CLANG_CXX_LANGUAGE_STANDARD = "gnu++20";
				CLANG_ENABLE_MODULES = YES;
				CLANG_ENABLE_OBJC_ARC = YES;
				CLANG_ENABLE_OBJC_WEAK = YES;
				CLANG_WARN_BLOCK_CAPTURE_AUTORELEASING = YES;
				CLANG_WARN_BOOL_CONVERSION = YES;
				CLANG_WARN_COMMA = YES;
				CLANG_WARN_CONSTANT_CONVERSION = YES;
				CLANG_WARN_DEPRECATED_OBJC_IMPLEMENTATIONS = YES;
				CLANG_WARN_DIRECT_OBJC_ISA_USAGE = YES_ERROR;
				CLANG_WARN_DOCUMENTATION_COMMENTS = YES;
				CLANG_WARN_EMPTY_BODY = YES;
				CLANG_WARN_ENUM_CONVERSION = YES;
				CLANG_WARN_INFINITE_RECURSION = YES;
				CLANG_WARN_INT_CONVERSION = YES;
				CLANG_WARN_NON_LITERAL_NULL_CONVERSION = YES;
				CLANG_WARN_OBJC_IMPLICIT_RETAIN_SELF = YES;
				CLANG_WARN_OBJC_LITERAL_CONVERSION = YES;
				CLANG_WARN_OBJC_ROOT_CLASS = YES_ERROR;
				CLANG_WARN_QUOTED_INCLUDE_IN_FRAMEWORK_HEADER = YES;
				CLANG_WARN_RANGE_LOOP_ANALYSIS = YES;
				CLANG_WARN_STRICT_PROTOTYPES = YES;
				CLANG_WARN_SUSPICIOUS_MOVE = YES;
				CLANG_WARN_UNGUARDED_AVAILABILITY = YES_AGGRESSIVE;
				CLANG_WARN_UNREACHABLE_CODE = YES;
				CLANG_WARN__DUPLICATE_METHOD_MATCH = YES;
				COPY_PHASE_STRIP = NO;
				DEBUG_INFORMATION_FORMAT = dwarf;
				ENABLE_STRICT_OBJC_MSGSEND = YES;
				ENABLE_TESTABILITY = YES;
				ENABLE_USER_SCRIPT_SANDBOXING = YES;
				GCC_C_LANGUAGE_STANDARD = gnu17;
				GCC_DYNAMIC_NO_PIC = NO;
				GCC_NO_COMMON_BLOCKS = YES;
				GCC_OPTIMIZATION_LEVEL = 0;
				GCC_PREPROCESSOR_DEFINITIONS = (
					"DEBUG=1",
					"$(inherited)",
				);
				GCC_WARN_64_TO_32_BIT_CONVERSION = YES;
				GCC_WARN_ABOUT_RETURN_TYPE = YES_ERROR;
				GCC_WARN_UNDECLARED_SELECTOR = YES;
				GCC_WARN_UNINITIALIZED_AUTOS = YES_AGGRESSIVE;
				GCC_WARN_UNUSED_FUNCTION = YES;
				GCC_WARN_UNUSED_VARIABLE = YES;
				IPHONEOS_DEPLOYMENT_TARGET = 17.5;
				LOCALIZATION_PREFERS_STRING_CATALOGS = YES;
				MTL_ENABLE_DEBUG_INFO = INCLUDE_SOURCE;
				MTL_FAST_MATH = YES;
				ONLY_ACTIVE_ARCH = YES;
				SDKROOT = iphoneos;
				SWIFT_ACTIVE_COMPILATION_CONDITIONS = "DEBUG $(inherited)";
				SWIFT_OPTIMIZATION_LEVEL = "-Onone";
			};
			name = Debug;
		};
		54BDC4252D590BE1002D13B3 /* Release */ = {
			isa = XCBuildConfiguration;
			buildSettings = {
				ALWAYS_SEARCH_USER_PATHS = NO;
				ASSETCATALOG_COMPILER_GENERATE_SWIFT_ASSET_SYMBOL_EXTENSIONS = YES;
				CLANG_ANALYZER_NONNULL = YES;
				CLANG_ANALYZER_NUMBER_OBJECT_CONVERSION = YES_AGGRESSIVE;
				CLANG_CXX_LANGUAGE_STANDARD = "gnu++20";
				CLANG_ENABLE_MODULES = YES;
				CLANG_ENABLE_OBJC_ARC = YES;
				CLANG_ENABLE_OBJC_WEAK = YES;
				CLANG_WARN_BLOCK_CAPTURE_AUTORELEASING = YES;
				CLANG_WARN_BOOL_CONVERSION = YES;
				CLANG_WARN_COMMA = YES;
				CLANG_WARN_CONSTANT_CONVERSION = YES;
				CLANG_WARN_DEPRECATED_OBJC_IMPLEMENTATIONS = YES;
				CLANG_WARN_DIRECT_OBJC_ISA_USAGE = YES_ERROR;
				CLANG_WARN_DOCUMENTATION_COMMENTS = YES;
				CLANG_WARN_EMPTY_BODY = YES;
				CLANG_WARN_ENUM_CONVERSION = YES;
				CLANG_WARN_INFINITE_RECURSION = YES;
				CLANG_WARN_INT_CONVERSION = YES;
				CLANG_WARN_NON_LITERAL_NULL_CONVERSION = YES;
				CLANG_WARN_OBJC_IMPLICIT_RETAIN_SELF = YES;
				CLANG_WARN_OBJC_LITERAL_CONVERSION = YES;
				CLANG_WARN_OBJC_ROOT_CLASS = YES_ERROR;
				CLANG_WARN_QUOTED_INCLUDE_IN_FRAMEWORK_HEADER = YES;
				CLANG_WARN_RANGE_LOOP_ANALYSIS = YES;
				CLANG_WARN_STRICT_PROTOTYPES = YES;
				CLANG_WARN_SUSPICIOUS_MOVE = YES;
				CLANG_WARN_UNGUARDED_AVAILABILITY = YES_AGGRESSIVE;
				CLANG_WARN_UNREACHABLE_CODE = YES;
				CLANG_WARN__DUPLICATE_METHOD_MATCH = YES;
				COPY_PHASE_STRIP = NO;
				DEBUG_INFORMATION_FORMAT = "dwarf-with-dsym";
				ENABLE_NS_ASSERTIONS = NO;
				ENABLE_STRICT_OBJC_MSGSEND = YES;
				ENABLE_USER_SCRIPT_SANDBOXING = YES;
				GCC_C_LANGUAGE_STANDARD = gnu17;
				GCC_NO_COMMON_BLOCKS = YES;
				GCC_WARN_64_TO_32_BIT_CONVERSION = YES;
				GCC_WARN_ABOUT_RETURN_TYPE = YES_ERROR;
				GCC_WARN_UNDECLARED_SELECTOR = YES;
				GCC_WARN_UNINITIALIZED_AUTOS = YES_AGGRESSIVE;
				GCC_WARN_UNUSED_FUNCTION = YES;
				GCC_WARN_UNUSED_VARIABLE = YES;
				IPHONEOS_DEPLOYMENT_TARGET = 17.5;
				LOCALIZATION_PREFERS_STRING_CATALOGS = YES;
				MTL_ENABLE_DEBUG_INFO = NO;
				MTL_FAST_MATH = YES;
				SDKROOT = iphoneos;
				SWIFT_COMPILATION_MODE = wholemodule;
				VALIDATE_PRODUCT = YES;
			};
			name = Release;
		};
		54BDC4272D590BE1002D13B3 /* Debug */ = {
			isa = XCBuildConfiguration;
			buildSettings = {
				ASSETCATALOG_COMPILER_APPICON_NAME = AppIcon;
				ASSETCATALOG_COMPILER_GLOBAL_ACCENT_COLOR_NAME = AccentColor;
				CODE_SIGN_STYLE = Automatic;
				CURRENT_PROJECT_VERSION = 1;
				DEVELOPMENT_ASSET_PATHS = "\"AirPorter/Preview Content\"";
				DEVELOPMENT_TEAM = QP6QQPA4KA;
				ENABLE_PREVIEWS = YES;
				GENERATE_INFOPLIST_FILE = YES;
				INFOPLIST_FILE = AirPorter/Info.plist;
				INFOPLIST_KEY_UIApplicationSceneManifest_Generation = YES;
				INFOPLIST_KEY_UIApplicationSupportsIndirectInputEvents = YES;
				INFOPLIST_KEY_UILaunchScreen_Generation = YES;
				INFOPLIST_KEY_UISupportedInterfaceOrientations_iPad = "UIInterfaceOrientationPortrait UIInterfaceOrientationPortraitUpsideDown UIInterfaceOrientationLandscapeLeft UIInterfaceOrientationLandscapeRight";
				INFOPLIST_KEY_UISupportedInterfaceOrientations_iPhone = "UIInterfaceOrientationPortrait UIInterfaceOrientationLandscapeLeft UIInterfaceOrientationLandscapeRight";
				LD_RUNPATH_SEARCH_PATHS = (
					"$(inherited)",
					"@executable_path/Frameworks",
				);
				MARKETING_VERSION = 1.0;
				PRODUCT_BUNDLE_IDENTIFIER = com.aniruddhashukla.AirPorter;
				PRODUCT_NAME = "$(TARGET_NAME)";
				SWIFT_EMIT_LOC_STRINGS = YES;
				SWIFT_VERSION = 5.0;
				TARGETED_DEVICE_FAMILY = "1,2";
			};
			name = Debug;
		};
		54BDC4282D590BE1002D13B3 /* Release */ = {
			isa = XCBuildConfiguration;
			buildSettings = {
				ASSETCATALOG_COMPILER_APPICON_NAME = AppIcon;
				ASSETCATALOG_COMPILER_GLOBAL_ACCENT_COLOR_NAME = AccentColor;
				CODE_SIGN_STYLE = Automatic;
				CURRENT_PROJECT_VERSION = 1;
				DEVELOPMENT_ASSET_PATHS = "\"AirPorter/Preview Content\"";
				DEVELOPMENT_TEAM = QP6QQPA4KA;
				ENABLE_PREVIEWS = YES;
				GENERATE_INFOPLIST_FILE = YES;
				INFOPLIST_FILE = AirPorter/Info.plist;
				INFOPLIST_KEY_UIApplicationSceneManifest_Generation = YES;
				INFOPLIST_KEY_UIApplicationSupportsIndirectInputEvents = YES;
				INFOPLIST_KEY_UILaunchScreen_Generation = YES;
				INFOPLIST_KEY_UISupportedInterfaceOrientations_iPad = "UIInterfaceOrientationPortrait UIInterfaceOrientationPortraitUpsideDown UIInterfaceOrientationLandscapeLeft UIInterfaceOrientationLandscapeRight";
				INFOPLIST_KEY_UISupportedInterfaceOrientations_iPhone = "UIInterfaceOrientationPortrait UIInterfaceOrientationLandscapeLeft UIInterfaceOrientationLandscapeRight";
				LD_RUNPATH_SEARCH_PATHS = (
					"$(inherited)",
					"@executable_path/Frameworks",
				);
				MARKETING_VERSION = 1.0;
				PRODUCT_BUNDLE_IDENTIFIER = com.aniruddhashukla.AirPorter;
				PRODUCT_NAME = "$(TARGET_NAME)";
				SWIFT_EMIT_LOC_STRINGS = YES;
				SWIFT_VERSION = 5.0;
				TARGETED_DEVICE_FAMILY = "1,2";
			};
			name = Release;
		};
/* End XCBuildConfiguration section */

/* Begin XCConfigurationList section */
		54BDC4132D590BDE002D13B3 /* Build configuration list for PBXProject "AirPorter" */ = {
			isa = XCConfigurationList;
			buildConfigurations = (
				54BDC4242D590BE1002D13B3 /* Debug */,
				54BDC4252D590BE1002D13B3 /* Release */,
			);
			defaultConfigurationIsVisible = 0;
			defaultConfigurationName = Release;
		};
		54BDC4262D590BE1002D13B3 /* Build configuration list for PBXNativeTarget "AirPorter" */ = {
			isa = XCConfigurationList;
			buildConfigurations = (
				54BDC4272D590BE1002D13B3 /* Debug */,
				54BDC4282D590BE1002D13B3 /* Release */,
			);
			defaultConfigurationIsVisible = 0;
			defaultConfigurationName = Release;
		};
/* End XCConfigurationList section */
	};
	rootObject = 54BDC4102D590BDE002D13B3 /* Project object */;
}
